
Microsoft Visual Studio Solution File, Format Version 12.00
# Visual Studio 14
VisualStudioVersion = 14.0.24720.0
MinimumVisualStudioVersion = 10.0.40219.1
Project("{FAE04EC0-301F-11D3-BF4B-00C04F79EFBC}") = "ZooKeeperSample", "ZooKeeperSample\ZooKeeperSample.csproj", "{A51F8991-6439-4EB8-A322-25EED187A502}"
EndProject
Project("{FAE04EC0-301F-11D3-BF4B-00C04F79EFBC}") = "ConfigClient", "ConfigClient\ConfigClient.csproj", "{09106A39-C91A-480D-BF76-84872E6C2A14}"
EndProject
Project("{FAE04EC0-301F-11D3-BF4B-00C04F79EFBC}") = "ConfigManager", "ConfigManager\ConfigManager.csproj", "{5AD2249C-CF6F-4229-AB8A-9AB6C52A8B0D}"
EndProject
Project("{FAE04EC0-301F-11D3-BF4B-00C04F79EFBC}") = "Locker", "Locker\Locker.csproj", "{F5A4105C-40F7-4C73-A9C7-977EB83C1D98}"
EndProject
Project("{FAE04EC0-301F-11D3-BF4B-00C04F79EFBC}") = "DistributorLocker", "DistributorLocker\DistributorLocker.csproj", "{A30157D0-4389-472B-9D54-8D60BF8771F3}"
EndProject
Global
	GlobalSection(SolutionConfigurationPlatforms) = preSolution
		Debug|Any CPU = Debug|Any CPU
		Release|Any CPU = Release|Any CPU
	EndGlobalSection
	GlobalSection(ProjectConfigurationPlatforms) = postSolution
		{A51F8991-6439-4EB8-A322-25EED187A502}.Debug|Any CPU.ActiveCfg = Debug|Any CPU
		{A51F8991-6439-4EB8-A322-25EED187A502}.Debug|Any CPU.Build.0 = Debug|Any CPU
		{A51F8991-6439-4EB8-A322-25EED187A502}.Release|Any CPU.ActiveCfg = Release|Any CPU
		{A51F8991-6439-4EB8-A322-25EED187A502}.Release|Any CPU.Build.0 = Release|Any CPU
		{09106A39-C91A-480D-BF76-84872E6C2A14}.Debug|Any CPU.ActiveCfg = Debug|Any CPU
		{09106A39-C91A-480D-BF76-84872E6C2A14}.Debug|Any CPU.Build.0 = Debug|Any CPU
		{09106A39-C91A-480D-BF76-84872E6C2A14}.Release|Any CPU.ActiveCfg = Release|Any CPU
		{09106A39-C91A-480D-BF76-84872E6C2A14}.Release|Any CPU.Build.0 = Release|Any CPU
		{5AD2249C-CF6F-4229-AB8A-9AB6C52A8B0D}.Debug|Any CPU.ActiveCfg = Debug|Any CPU
		{5AD2249C-CF6F-4229-AB8A-9AB6C52A8B0D}.Debug|Any CPU.Build.0 = Debug|Any CPU
		{5AD2249C-CF6F-4229-AB8A-9AB6C52A8B0D}.Release|Any CPU.ActiveCfg = Release|Any CPU
		{5AD2249C-CF6F-4229-AB8A-9AB6C52A8B0D}.Release|Any CPU.Build.0 = Release|Any CPU
		{F5A4105C-40F7-4C73-A9C7-977EB83C1D98}.Debug|Any CPU.ActiveCfg = Debug|Any CPU
		{F5A4105C-40F7-4C73-A9C7-977EB83C1D98}.Debug|Any CPU.Build.0 = Debug|Any CPU
		{F5A4105C-40F7-4C73-A9C7-977EB83C1D98}.Release|Any CPU.ActiveCfg = Release|Any CPU
		{F5A4105C-40F7-4C73-A9C7-977EB83C1D98}.Release|Any CPU.Build.0 = Release|Any CPU
		{A30157D0-4389-472B-9D54-8D60BF8771F3}.Debug|Any CPU.ActiveCfg = Debug|Any CPU
		{A30157D0-4389-472B-9D54-8D60BF8771F3}.Debug|Any CPU.Build.0 = Debug|Any CPU
		{A30157D0-4389-472B-9D54-8D60BF8771F3}.Release|Any CPU.ActiveCfg = Release|Any CPU
		{A30157D0-4389-472B-9D54-8D60BF8771F3}.Release|Any CPU.Build.0 = Release|Any CPU
	EndGlobalSection
	GlobalSection(SolutionProperties) = preSolution
		HideSolutionNode = FALSE
	EndGlobalSection
EndGlobal
